
Microsoft Visual Studio Solution File, Format Version 12.00
# Visual Studio Version 17
VisualStudioVersion = 17.7.34031.279
MinimumVisualStudioVersion = 10.0.40219.1
Project("{FAE04EC0-301F-11D3-BF4B-00C04F79EFBC}") = "Practica 4 Numeros", "Practica 4 Numeros.csproj", "{09B2E8FA-E342-4445-B344-C1D598950D1A}"
EndProject
Global
	GlobalSection(SolutionConfigurationPlatforms) = preSolution
		Debug|Any CPU = Debug|Any CPU
		Release|Any CPU = Release|Any CPU
	EndGlobalSection
	GlobalSection(ProjectConfigurationPlatforms) = postSolution
		{09B2E8FA-E342-4445-B344-C1D598950D1A}.Debug|Any CPU.ActiveCfg = Debug|Any CPU
		{09B2E8FA-E342-4445-B344-C1D598950D1A}.Debug|Any CPU.Build.0 = Debug|Any CPU
		{09B2E8FA-E342-4445-B344-C1D598950D1A}.Release|Any CPU.ActiveCfg = Release|Any CPU
		{09B2E8FA-E342-4445-B344-C1D598950D1A}.Release|Any CPU.Build.0 = Release|Any CPU
	EndGlobalSection
	GlobalSection(SolutionProperties) = preSolution
		HideSolutionNode = FALSE
	EndGlobalSection
	GlobalSection(ExtensibilityGlobals) = postSolution
		SolutionGuid = {F119635C-3525-4BB7-997C-1F86DD7B2959}
	EndGlobalSection
EndGlobal
